
Microsoft Visual Studio Solution File, Format Version 12.00
# Visual Studio 15
VisualStudioVersion = 15.0.28307.329
MinimumVisualStudioVersion = 10.0.40219.1
Project("{FAE04EC0-301F-11D3-BF4B-00C04F79EFBC}") = "Task4", "Task4\Task4.csproj", "{A52D11CF-B36C-469A-A549-5519FA931B6B}"
EndProject
Global
	GlobalSection(SolutionConfigurationPlatforms) = preSolution
		Debug|Any CPU = Debug|Any CPU
		Release|Any CPU = Release|Any CPU
	EndGlobalSection
	GlobalSection(ProjectConfigurationPlatforms) = postSolution
		{A52D11CF-B36C-469A-A549-5519FA931B6B}.Debug|Any CPU.ActiveCfg = Debug|Any CPU
		{A52D11CF-B36C-469A-A549-5519FA931B6B}.Debug|Any CPU.Build.0 = Debug|Any CPU
		{A52D11CF-B36C-469A-A549-5519FA931B6B}.Release|Any CPU.ActiveCfg = Release|Any CPU
		{A52D11CF-B36C-469A-A549-5519FA931B6B}.Release|Any CPU.Build.0 = Release|Any CPU
	EndGlobalSection
	GlobalSection(SolutionProperties) = preSolution
		HideSolutionNode = FALSE
	EndGlobalSection
	GlobalSection(ExtensibilityGlobals) = postSolution
		SolutionGuid = {3AF36004-95C3-4BFA-8829-42F19CBDA9E7}
	EndGlobalSection
EndGlobal
